
Microsoft Visual Studio Solution File, Format Version 12.00
# Visual Studio Version 17
VisualStudioVersion = 17.9.34616.47
MinimumVisualStudioVersion = 10.0.40219.1
Project("{FAE04EC0-301F-11D3-BF4B-00C04F79EFBC}") = "MultiThread_01", "MultiThread_01\MultiThread_01.csproj", "{8CCF820C-9497-4D59-AEC3-E705815D1B7E}"
EndProject
Project("{FAE04EC0-301F-11D3-BF4B-00C04F79EFBC}") = "MultiThread_02AsyncAwait", "MultiThread_02AsyncAwait\MultiThread_02AsyncAwait.csproj", "{5390FC63-9FC5-4678-95AE-A4F1D591136D}"
EndProject
Project("{FAE04EC0-301F-11D3-BF4B-00C04F79EFBC}") = "MultiThread_EX", "MultiThread_EX\MultiThread_EX.csproj", "{10F6CDEC-562F-4E23-B2FD-AC9441F726BC}"
EndProject
Global
	GlobalSection(SolutionConfigurationPlatforms) = preSolution
		Debug|Any CPU = Debug|Any CPU
		Release|Any CPU = Release|Any CPU
	EndGlobalSection
	GlobalSection(ProjectConfigurationPlatforms) = postSolution
		{8CCF820C-9497-4D59-AEC3-E705815D1B7E}.Debug|Any CPU.ActiveCfg = Debug|Any CPU
		{8CCF820C-9497-4D59-AEC3-E705815D1B7E}.Debug|Any CPU.Build.0 = Debug|Any CPU
		{8CCF820C-9497-4D59-AEC3-E705815D1B7E}.Release|Any CPU.ActiveCfg = Release|Any CPU
		{8CCF820C-9497-4D59-AEC3-E705815D1B7E}.Release|Any CPU.Build.0 = Release|Any CPU
		{5390FC63-9FC5-4678-95AE-A4F1D591136D}.Debug|Any CPU.ActiveCfg = Debug|Any CPU
		{5390FC63-9FC5-4678-95AE-A4F1D591136D}.Debug|Any CPU.Build.0 = Debug|Any CPU
		{5390FC63-9FC5-4678-95AE-A4F1D591136D}.Release|Any CPU.ActiveCfg = Release|Any CPU
		{5390FC63-9FC5-4678-95AE-A4F1D591136D}.Release|Any CPU.Build.0 = Release|Any CPU
		{10F6CDEC-562F-4E23-B2FD-AC9441F726BC}.Debug|Any CPU.ActiveCfg = Debug|Any CPU
		{10F6CDEC-562F-4E23-B2FD-AC9441F726BC}.Debug|Any CPU.Build.0 = Debug|Any CPU
		{10F6CDEC-562F-4E23-B2FD-AC9441F726BC}.Release|Any CPU.ActiveCfg = Release|Any CPU
		{10F6CDEC-562F-4E23-B2FD-AC9441F726BC}.Release|Any CPU.Build.0 = Release|Any CPU
	EndGlobalSection
	GlobalSection(SolutionProperties) = preSolution
		HideSolutionNode = FALSE
	EndGlobalSection
	GlobalSection(ExtensibilityGlobals) = postSolution
		SolutionGuid = {E6D408B8-F79D-4044-91B8-3590500FF91C}
	EndGlobalSection
EndGlobal
